
Microsoft Visual Studio Solution File, Format Version 12.00
# Visual Studio Version 17
VisualStudioVersion = 17.7.34031.279
MinimumVisualStudioVersion = 10.0.40219.1
Project("{FAE04EC0-301F-11D3-BF4B-00C04F79EFBC}") = "QLTraSua", "QLTraSua\QLTraSua.csproj", "{5BFCF62F-F330-4F68-B20E-C7AE27A03982}"
EndProject
Global
	GlobalSection(SolutionConfigurationPlatforms) = preSolution
		Debug|Any CPU = Debug|Any CPU
		Release|Any CPU = Release|Any CPU
	EndGlobalSection
	GlobalSection(ProjectConfigurationPlatforms) = postSolution
		{5BFCF62F-F330-4F68-B20E-C7AE27A03982}.Debug|Any CPU.ActiveCfg = Debug|Any CPU
		{5BFCF62F-F330-4F68-B20E-C7AE27A03982}.Debug|Any CPU.Build.0 = Debug|Any CPU
		{5BFCF62F-F330-4F68-B20E-C7AE27A03982}.Release|Any CPU.ActiveCfg = Release|Any CPU
		{5BFCF62F-F330-4F68-B20E-C7AE27A03982}.Release|Any CPU.Build.0 = Release|Any CPU
	EndGlobalSection
	GlobalSection(SolutionProperties) = preSolution
		HideSolutionNode = FALSE
	EndGlobalSection
	GlobalSection(ExtensibilityGlobals) = postSolution
		SolutionGuid = {BA0FE7D3-2F35-4A95-8459-0A3CEAD34451}
	EndGlobalSection
EndGlobal
